
Microsoft Visual Studio Solution File, Format Version 12.00
# Visual Studio Version 17
VisualStudioVersion = 17.2.32630.192
MinimumVisualStudioVersion = 10.0.40219.1
Project("{FAE04EC0-301F-11D3-BF4B-00C04F79EFBC}") = "HM9", "HM9\HM9.csproj", "{02C36C8E-23AD-41A4-B803-180E56968CA7}"
EndProject
Project("{FAE04EC0-301F-11D3-BF4B-00C04F79EFBC}") = "HW9_2", "HW9_2\HW9_2.csproj", "{97C0DBED-25CD-4B9E-989A-0547303BC321}"
EndProject
Project("{FAE04EC0-301F-11D3-BF4B-00C04F79EFBC}") = "HW9_3", "HW9_3\HW9_3.csproj", "{3A282DDD-4BFC-482D-863E-692F7F7DD674}"
EndProject
Global
	GlobalSection(SolutionConfigurationPlatforms) = preSolution
		Debug|Any CPU = Debug|Any CPU
		Release|Any CPU = Release|Any CPU
	EndGlobalSection
	GlobalSection(ProjectConfigurationPlatforms) = postSolution
		{02C36C8E-23AD-41A4-B803-180E56968CA7}.Debug|Any CPU.ActiveCfg = Debug|Any CPU
		{02C36C8E-23AD-41A4-B803-180E56968CA7}.Debug|Any CPU.Build.0 = Debug|Any CPU
		{02C36C8E-23AD-41A4-B803-180E56968CA7}.Release|Any CPU.ActiveCfg = Release|Any CPU
		{02C36C8E-23AD-41A4-B803-180E56968CA7}.Release|Any CPU.Build.0 = Release|Any CPU
		{97C0DBED-25CD-4B9E-989A-0547303BC321}.Debug|Any CPU.ActiveCfg = Debug|Any CPU
		{97C0DBED-25CD-4B9E-989A-0547303BC321}.Debug|Any CPU.Build.0 = Debug|Any CPU
		{97C0DBED-25CD-4B9E-989A-0547303BC321}.Release|Any CPU.ActiveCfg = Release|Any CPU
		{97C0DBED-25CD-4B9E-989A-0547303BC321}.Release|Any CPU.Build.0 = Release|Any CPU
		{3A282DDD-4BFC-482D-863E-692F7F7DD674}.Debug|Any CPU.ActiveCfg = Debug|Any CPU
		{3A282DDD-4BFC-482D-863E-692F7F7DD674}.Debug|Any CPU.Build.0 = Debug|Any CPU
		{3A282DDD-4BFC-482D-863E-692F7F7DD674}.Release|Any CPU.ActiveCfg = Release|Any CPU
		{3A282DDD-4BFC-482D-863E-692F7F7DD674}.Release|Any CPU.Build.0 = Release|Any CPU
	EndGlobalSection
	GlobalSection(SolutionProperties) = preSolution
		HideSolutionNode = FALSE
	EndGlobalSection
	GlobalSection(ExtensibilityGlobals) = postSolution
		SolutionGuid = {D374D95C-123A-4A43-A85F-CC5D591921C9}
	EndGlobalSection
EndGlobal
